// !$*UTF8*$!
{
	archiveVersion = 1;
	classes = {
	};
	objectVersion = 77;
	objects = {

/* Begin PBXBuildFile section */
		1A53CA012FC71BA70097DB2A /* blaBlaApp.swift in Sources */ = {isa = PBXBuildFile; fileRef = 1A53CA002FC71BA70097DB2A /* blaBlaApp.swift */; };
		1A53CA022FC71BA70097DB2A /* AppRootView.swift in Sources */ = {isa = PBXBuildFile; fileRef = 1A53C9FF2FC71BA70097DB2A /* AppRootView.swift */; };
		1AB16A552FD1FD0B005DD63D /* Nohemi-Medium.otf in Resources */ = {isa = PBXBuildFile; fileRef = 1AB16A542FD1FD0B005DD63D /* Nohemi-Medium.otf */; };
		A1D5898E2FC81BE800649DE9 /* FirebaseAuth in Frameworks */ = {isa = PBXBuildFile; productRef = A1D5898D2FC81BE800649DE9 /* FirebaseAuth */; };
		A1D589902FC81BE800649DE9 /* FirebaseCore in Frameworks */ = {isa = PBXBuildFile; productRef = A1D5898F2FC81BE800649DE9 /* FirebaseCore */; };
		A1D589922FC81BE800649DE9 /* FirebaseFirestore in Frameworks */ = {isa = PBXBuildFile; productRef = A1D589912FC81BE800649DE9 /* FirebaseFirestore */; };
		AF0DDE332FC98A3E00328F9B /* AppSessionView.swift in Sources */ = {isa = PBXBuildFile; fileRef = AF0DDE322FC98A3D00328F9B /* AppSessionView.swift */; };
		AFBCFBC32FD6C2EC00B1B672 /* Deal.icon in Resources */ = {isa = PBXBuildFile; fileRef = AFBCFBC22FD6C2EC00B1B672 /* Deal.icon */; };
		AFC187322FC89A2C001CD7C9 /* GoogleService-Info.plist in Resources */ = {isa = PBXBuildFile; fileRef = AFC187312FC89A2C001CD7C9 /* GoogleService-Info.plist */; };
/* End PBXBuildFile section */

/* Begin PBXFileReference section */
		1A53C9FF2FC71BA70097DB2A /* AppRootView.swift */ = {isa = PBXFileReference; lastKnownFileType = sourcecode.swift; path = AppRootView.swift; sourceTree = "<group>"; };
		1A53CA002FC71BA70097DB2A /* blaBlaApp.swift */ = {isa = PBXFileReference; lastKnownFileType = sourcecode.swift; path = blaBlaApp.swift; sourceTree = "<group>"; };
		1A62FE572FBB1AC0002D01F7 /* Icarus II Project.app */ = {isa = PBXFileReference; explicitFileType = wrapper.application; includeInIndex = 0; path = "Icarus II Project.app"; sourceTree = BUILT_PRODUCTS_DIR; };
		1AB16A542FD1FD0B005DD63D /* Nohemi-Medium.otf */ = {isa = PBXFileReference; lastKnownFileType = file; path = "Nohemi-Medium.otf"; sourceTree = "<group>"; };
		AF0DDE322FC98A3D00328F9B /* AppSessionView.swift */ = {isa = PBXFileReference; lastKnownFileType = sourcecode.swift; path = AppSessionView.swift; sourceTree = "<group>"; };
		AFBCFBC22FD6C2EC00B1B672 /* Deal.icon */ = {isa = PBXFileReference; lastKnownFileType = folder.iconcomposer.icon; path = Deal.icon; sourceTree = "<group>"; };
		AFC187312FC89A2C001CD7C9 /* GoogleService-Info.plist */ = {isa = PBXFileReference; lastKnownFileType = text.plist.xml; path = "GoogleService-Info.plist"; sourceTree = "<group>"; };
/* End PBXFileReference section */

/* Begin PBXFileSystemSynchronizedRootGroup section */
		1A62FE592FBB1AC0002D01F7 /* Icarus II Project */ = {
			isa = PBXFileSystemSynchronizedRootGroup;
			path = "Icarus II Project";
			sourceTree = "<group>";
		};
/* End PBXFileSystemSynchronizedRootGroup section */

/* Begin PBXFrameworksBuildPhase section */
		1A62FE542FBB1AC0002D01F7 /* Frameworks */ = {
			isa = PBXFrameworksBuildPhase;
			buildActionMask = 2147483647;
			files = (
				A1D589902FC81BE800649DE9 /* FirebaseCore in Frameworks */,
				A1D5898E2FC81BE800649DE9 /* FirebaseAuth in Frameworks */,
				A1D589922FC81BE800649DE9 /* FirebaseFirestore in Frameworks */,
			);
			runOnlyForDeploymentPostprocessing = 0;
		};
/* End PBXFrameworksBuildPhase section */

/* Begin PBXGroup section */
		1A62FE4E2FBB1AC0002D01F7 = {
			isa = PBXGroup;
			children = (
				1AB16A542FD1FD0B005DD63D /* Nohemi-Medium.otf */,
				1A53C9FF2FC71BA70097DB2A /* AppRootView.swift */,
				1A53CA002FC71BA70097DB2A /* blaBlaApp.swift */,
				AF0DDE322FC98A3D00328F9B /* AppSessionView.swift */,
				1A62FE592FBB1AC0002D01F7 /* Icarus II Project */,
				1A62FE582FBB1AC0002D01F7 /* Products */,
				AFC187312FC89A2C001CD7C9 /* GoogleService-Info.plist */,
				AFBCFBC22FD6C2EC00B1B672 /* Deal.icon */,
			);
			sourceTree = "<group>";
		};
		1A62FE582FBB1AC0002D01F7 /* Products */ = {
			isa = PBXGroup;
			children = (
				1A62FE572FBB1AC0002D01F7 /* Icarus II Project.app */,
			);
			name = Products;
			sourceTree = "<group>";
		};
/* End PBXGroup section */

/* Begin PBXNativeTarget section */
		1A62FE562FBB1AC0002D01F7 /* Icarus II Project */ = {
			isa = PBXNativeTarget;
			buildConfigurationList = 1A62FE622FBB1AC0002D01F7 /* Build configuration list for PBXNativeTarget "Icarus II Project" */;
			buildPhases = (
				1A62FE532FBB1AC0002D01F7 /* Sources */,
				1A62FE542FBB1AC0002D01F7 /* Frameworks */,
				1A62FE552FBB1AC0002D01F7 /* Resources */,
			);
			buildRules = (
			);
			dependencies = (
			);
			fileSystemSynchronizedGroups = (
				1A62FE592FBB1AC0002D01F7 /* Icarus II Project */,
			);
			name = "Icarus II Project";
			packageProductDependencies = (
				A1D5898D2FC81BE800649DE9 /* FirebaseAuth */,
				A1D5898F2FC81BE800649DE9 /* FirebaseCore */,
				A1D589912FC81BE800649DE9 /* FirebaseFirestore */,
			);
			productName = "Icarus II Project";
			productReference = 1A62FE572FBB1AC0002D01F7 /* Icarus II Project.app */;
			productType = "com.apple.product-type.application";
		};
/* End PBXNativeTarget section */

/* Begin PBXProject section */
		1A62FE4F2FBB1AC0002D01F7 /* Project object */ = {
			isa = PBXProject;
			attributes = {
				BuildIndependentTargetsInParallel = 1;
				LastSwiftUpdateCheck = 2620;
				LastUpgradeCheck = 2620;
				TargetAttributes = {
					1A62FE562FBB1AC0002D01F7 = {
						CreatedOnToolsVersion = 26.2;
					};
				};
			};
			buildConfigurationList = 1A62FE522FBB1AC0002D01F7 /* Build configuration list for PBXProject "Icarus II Project" */;
			developmentRegion = en;
			hasScannedForEncodings = 0;
			knownRegions = (
				en,
				Base,
			);
			mainGroup = 1A62FE4E2FBB1AC0002D01F7;
			minimizedProjectReferenceProxies = 1;
			packageReferences = (
				A1D5898C2FC81BE800649DE9 /* XCRemoteSwiftPackageReference "firebase-ios-sdk" */,
			);
			preferredProjectObjectVersion = 77;
			productRefGroup = 1A62FE582FBB1AC0002D01F7 /* Products */;
			projectDirPath = "";
			projectRoot = "";
			targets = (
				1A62FE562FBB1AC0002D01F7 /* Icarus II Project */,
			);
		};
/* End PBXProject section */

/* Begin PBXResourcesBuildPhase section */
		1A62FE552FBB1AC0002D01F7 /* Resources */ = {
			isa = PBXResourcesBuildPhase;
			buildActionMask = 2147483647;
			files = (
				AFC187322FC89A2C001CD7C9 /* GoogleService-Info.plist in Resources */,
				1AB16A552FD1FD0B005DD63D /* Nohemi-Medium.otf in Resources */,
				AFBCFBC32FD6C2EC00B1B672 /* Deal.icon in Resources */,
			);
			runOnlyForDeploymentPostprocessing = 0;
		};
/* End PBXResourcesBuildPhase section */

/* Begin PBXSourcesBuildPhase section */
		1A62FE532FBB1AC0002D01F7 /* Sources */ = {
			isa = PBXSourcesBuildPhase;
			buildActionMask = 2147483647;
			files = (
				1A53CA012FC71BA70097DB2A /* blaBlaApp.swift in Sources */,
				1A53CA022FC71BA70097DB2A /* AppRootView.swift in Sources */,
				AF0DDE332FC98A3E00328F9B /* AppSessionView.swift in Sources */,
			);
			runOnlyForDeploymentPostprocessing = 0;
		};
/* End PBXSourcesBuildPhase section */

/* Begin XCBuildConfiguration section */
		1A62FE602FBB1AC0002D01F7 /* Debug */ = {
			isa = XCBuildConfiguration;
			buildSettings = {
				ALWAYS_SEARCH_USER_PATHS = NO;
				ASSETCATALOG_COMPILER_GENERATE_SWIFT_ASSET_SYMBOL_EXTENSIONS = YES;
				CLANG_ANALYZER_NONNULL = YES;
				CLANG_ANALYZER_NUMBER_OBJECT_CONVERSION = YES_AGGRESSIVE;
				CLANG_CXX_LANGUAGE_STANDARD = "gnu++20";
				CLANG_ENABLE_MODULES = YES;
				CLANG_ENABLE_OBJC_ARC = YES;
				CLANG_ENABLE_OBJC_WEAK = YES;
				CLANG_WARN_BLOCK_CAPTURE_AUTORELEASING = YES;
				CLANG_WARN_BOOL_CONVERSION = YES;
				CLANG_WARN_COMMA = YES;
				CLANG_WARN_CONSTANT_CONVERSION = YES;
				CLANG_WARN_DEPRECATED_OBJC_IMPLEMENTATIONS = YES;
				CLANG_WARN_DIRECT_OBJC_ISA_USAGE = YES_ERROR;
				CLANG_WARN_DOCUMENTATION_COMMENTS = YES;
				CLANG_WARN_EMPTY_BODY = YES;
				CLANG_WARN_ENUM_CONVERSION = YES;
				CLANG_WARN_INFINITE_RECURSION = YES;
				CLANG_WARN_INT_CONVERSION = YES;
				CLANG_WARN_NON_LITERAL_NULL_CONVERSION = YES;
				CLANG_WARN_OBJC_IMPLICIT_RETAIN_SELF = YES;
				CLANG_WARN_OBJC_LITERAL_CONVERSION = YES;
				CLANG_WARN_OBJC_ROOT_CLASS = YES_ERROR;
				CLANG_WARN_QUOTED_INCLUDE_IN_FRAMEWORK_HEADER = YES;
				CLANG_WARN_RANGE_LOOP_ANALYSIS = YES;
				CLANG_WARN_STRICT_PROTOTYPES = YES;
				CLANG_WARN_SUSPICIOUS_MOVE = YES;
				CLANG_WARN_UNGUARDED_AVAILABILITY = YES_AGGRESSIVE;
				CLANG_WARN_UNREACHABLE_CODE = YES;
				CLANG_WARN__DUPLICATE_METHOD_MATCH = YES;
				COPY_PHASE_STRIP = NO;
				DEBUG_INFORMATION_FORMAT = dwarf;
				DEVELOPMENT_TEAM = R2WDS6ZMQ6;
				ENABLE_STRICT_OBJC_MSGSEND = YES;
				ENABLE_TESTABILITY = YES;
				ENABLE_USER_SCRIPT_SANDBOXING = YES;
				GCC_C_LANGUAGE_STANDARD = gnu17;
				GCC_DYNAMIC_NO_PIC = NO;
				GCC_NO_COMMON_BLOCKS = YES;
				GCC_OPTIMIZATION_LEVEL = 0;
				GCC_PREPROCESSOR_DEFINITIONS = (
					"DEBUG=1",
					"$(inherited)",
				);
				GCC_WARN_64_TO_32_BIT_CONVERSION = YES;
				GCC_WARN_ABOUT_RETURN_TYPE = YES_ERROR;
				GCC_WARN_UNDECLARED_SELECTOR = YES;
				GCC_WARN_UNINITIALIZED_AUTOS = YES_AGGRESSIVE;
				GCC_WARN_UNUSED_FUNCTION = YES;
				GCC_WARN_UNUSED_VARIABLE = YES;
				IPHONEOS_DEPLOYMENT_TARGET = 26.2;
				LOCALIZATION_PREFERS_STRING_CATALOGS = YES;
				MTL_ENABLE_DEBUG_INFO = INCLUDE_SOURCE;
				MTL_FAST_MATH = YES;
				ONLY_ACTIVE_ARCH = YES;
				SDKROOT = iphoneos;
				SWIFT_ACTIVE_COMPILATION_CONDITIONS = "DEBUG $(inherited)";
				SWIFT_OPTIMIZATION_LEVEL = "-Onone";
			};
			name = Debug;
		};
		1A62FE612FBB1AC0002D01F7 /* Release */ = {
			isa = XCBuildConfiguration;
			buildSettings = {
				ALWAYS_SEARCH_USER_PATHS = NO;
				ASSETCATALOG_COMPILER_GENERATE_SWIFT_ASSET_SYMBOL_EXTENSIONS = YES;
				CLANG_ANALYZER_NONNULL = YES;
				CLANG_ANALYZER_NUMBER_OBJECT_CONVERSION = YES_AGGRESSIVE;
				CLANG_CXX_LANGUAGE_STANDARD = "gnu++20";
				CLANG_ENABLE_MODULES = YES;
				CLANG_ENABLE_OBJC_ARC = YES;
				CLANG_ENABLE_OBJC_WEAK = YES;
				CLANG_WARN_BLOCK_CAPTURE_AUTORELEASING = YES;
				CLANG_WARN_BOOL_CONVERSION = YES;
				CLANG_WARN_COMMA = YES;
				CLANG_WARN_CONSTANT_CONVERSION = YES;
				CLANG_WARN_DEPRECATED_OBJC_IMPLEMENTATIONS = YES;
				CLANG_WARN_DIRECT_OBJC_ISA_USAGE = YES_ERROR;
				CLANG_WARN_DOCUMENTATION_COMMENTS = YES;
				CLANG_WARN_EMPTY_BODY = YES;
				CLANG_WARN_ENUM_CONVERSION = YES;
				CLANG_WARN_INFINITE_RECURSION = YES;
				CLANG_WARN_INT_CONVERSION = YES;
				CLANG_WARN_NON_LITERAL_NULL_CONVERSION = YES;
				CLANG_WARN_OBJC_IMPLICIT_RETAIN_SELF = YES;
				CLANG_WARN_OBJC_LITERAL_CONVERSION = YES;
				CLANG_WARN_OBJC_ROOT_CLASS = YES_ERROR;
				CLANG_WARN_QUOTED_INCLUDE_IN_FRAMEWORK_HEADER = YES;
				CLANG_WARN_RANGE_LOOP_ANALYSIS = YES;
				CLANG_WARN_STRICT_PROTOTYPES = YES;
				CLANG_WARN_SUSPICIOUS_MOVE = YES;
				CLANG_WARN_UNGUARDED_AVAILABILITY = YES_AGGRESSIVE;
				CLANG_WARN_UNREACHABLE_CODE = YES;
				CLANG_WARN__DUPLICATE_METHOD_MATCH = YES;
				COPY_PHASE_STRIP = NO;
				DEBUG_INFORMATION_FORMAT = "dwarf-with-dsym";
				DEVELOPMENT_TEAM = R2WDS6ZMQ6;
				ENABLE_NS_ASSERTIONS = NO;
				ENABLE_STRICT_OBJC_MSGSEND = YES;
				ENABLE_USER_SCRIPT_SANDBOXING = YES;
				GCC_C_LANGUAGE_STANDARD = gnu17;
				GCC_NO_COMMON_BLOCKS = YES;
				GCC_WARN_64_TO_32_BIT_CONVERSION = YES;
				GCC_WARN_ABOUT_RETURN_TYPE = YES_ERROR;
				GCC_WARN_UNDECLARED_SELECTOR = YES;
				GCC_WARN_UNINITIALIZED_AUTOS = YES_AGGRESSIVE;
				GCC_WARN_UNUSED_FUNCTION = YES;
				GCC_WARN_UNUSED_VARIABLE = YES;
				IPHONEOS_DEPLOYMENT_TARGET = 26.2;
				LOCALIZATION_PREFERS_STRING_CATALOGS = YES;
				MTL_ENABLE_DEBUG_INFO = NO;
				MTL_FAST_MATH = YES;
				SDKROOT = iphoneos;
				SWIFT_COMPILATION_MODE = wholemodule;
				VALIDATE_PRODUCT = YES;
			};
			name = Release;
		};
		1A62FE632FBB1AC0002D01F7 /* Debug */ = {
			isa = XCBuildConfiguration;
			buildSettings = {
				ASSETCATALOG_COMPILER_APPICON_NAME = Deal;
				ASSETCATALOG_COMPILER_GLOBAL_ACCENT_COLOR_NAME = AccentColor;
				CODE_SIGN_ENTITLEMENTS = "Icarus II Project/Icarus II Project.entitlements";
				CODE_SIGN_IDENTITY = "Apple Development";
				CODE_SIGN_STYLE = Automatic;
				CURRENT_PROJECT_VERSION = 1;
				DEVELOPMENT_TEAM = R2WDS6ZMQ6;
				ENABLE_PREVIEWS = YES;
				GENERATE_INFOPLIST_FILE = YES;
				INFOPLIST_FILE = "Icarus-II-Project-Info.plist";
				INFOPLIST_KEY_CFBundleDisplayName = Deal;
				INFOPLIST_KEY_ITSAppUsesNonExemptEncryption = NO;
				INFOPLIST_KEY_UIAppFonts = "Nohemi-Medium.otf";
				INFOPLIST_KEY_UIApplicationSceneManifest_Generation = YES;
				INFOPLIST_KEY_UIApplicationSupportsIndirectInputEvents = YES;
				INFOPLIST_KEY_UILaunchScreen_Generation = YES;
				INFOPLIST_KEY_UISupportedInterfaceOrientations = UIInterfaceOrientationPortrait;
				INFOPLIST_KEY_UISupportedInterfaceOrientations_iPad = "UIInterfaceOrientationLandscapeLeft UIInterfaceOrientationLandscapeRight UIInterfaceOrientationPortrait UIInterfaceOrientationPortraitUpsideDown";
				IPHONEOS_DEPLOYMENT_TARGET = 26.0;
				LD_RUNPATH_SEARCH_PATHS = (
					"$(inherited)",
					"@executable_path/Frameworks",
				);
				MARKETING_VERSION = 1.0;
				PRODUCT_BUNDLE_IDENTIFIER = Alpha123.test1123;
				PRODUCT_NAME = "$(TARGET_NAME)";
				PROVISIONING_PROFILE_SPECIFIER = "";
				STRING_CATALOG_GENERATE_SYMBOLS = YES;
				SUPPORTED_PLATFORMS = "iphoneos iphonesimulator";
				SUPPORTS_MACCATALYST = NO;
				SUPPORTS_MAC_DESIGNED_FOR_IPHONE_IPAD = NO;
				SUPPORTS_XR_DESIGNED_FOR_IPHONE_IPAD = NO;
				SWIFT_APPROACHABLE_CONCURRENCY = YES;
				SWIFT_DEFAULT_ACTOR_ISOLATION = MainActor;
				SWIFT_EMIT_LOC_STRINGS = YES;
				SWIFT_UPCOMING_FEATURE_MEMBER_IMPORT_VISIBILITY = YES;
				SWIFT_VERSION = 5.0;
				TARGETED_DEVICE_FAMILY = 1;
			};
			name = Debug;
		};
		1A62FE642FBB1AC0002D01F7 /* Release */ = {
			isa = XCBuildConfiguration;
			buildSettings = {
				ASSETCATALOG_COMPILER_APPICON_NAME = Deal;
				ASSETCATALOG_COMPILER_GLOBAL_ACCENT_COLOR_NAME = AccentColor;
				CODE_SIGN_ENTITLEMENTS = "Icarus II Project/Icarus II Project.entitlements";
				CODE_SIGN_IDENTITY = "Apple Development";
				CODE_SIGN_STYLE = Automatic;
				CURRENT_PROJECT_VERSION = 1;
				DEVELOPMENT_TEAM = R2WDS6ZMQ6;
				ENABLE_PREVIEWS = YES;
				GENERATE_INFOPLIST_FILE = YES;
				INFOPLIST_FILE = "Icarus-II-Project-Info.plist";
				INFOPLIST_KEY_CFBundleDisplayName = Deal;
				INFOPLIST_KEY_ITSAppUsesNonExemptEncryption = NO;
				INFOPLIST_KEY_UIAppFonts = "Nohemi-Medium.otf";
				INFOPLIST_KEY_UIApplicationSceneManifest_Generation = YES;
				INFOPLIST_KEY_UIApplicationSupportsIndirectInputEvents = YES;
				INFOPLIST_KEY_UILaunchScreen_Generation = YES;
				INFOPLIST_KEY_UISupportedInterfaceOrientations = UIInterfaceOrientationPortrait;
				INFOPLIST_KEY_UISupportedInterfaceOrientations_iPad = "UIInterfaceOrientationLandscapeLeft UIInterfaceOrientationLandscapeRight UIInterfaceOrientationPortrait UIInterfaceOrientationPortraitUpsideDown";
				IPHONEOS_DEPLOYMENT_TARGET = 26.0;
				LD_RUNPATH_SEARCH_PATHS = (
					"$(inherited)",
					"@executable_path/Frameworks",
				);
				MARKETING_VERSION = 1.0;
				PRODUCT_BUNDLE_IDENTIFIER = Alpha123.test1123;
				PRODUCT_NAME = "$(TARGET_NAME)";
				PROVISIONING_PROFILE_SPECIFIER = "";
				STRING_CATALOG_GENERATE_SYMBOLS = YES;
				SUPPORTED_PLATFORMS = "iphoneos iphonesimulator";
				SUPPORTS_MACCATALYST = NO;
				SUPPORTS_MAC_DESIGNED_FOR_IPHONE_IPAD = NO;
				SUPPORTS_XR_DESIGNED_FOR_IPHONE_IPAD = NO;
				SWIFT_APPROACHABLE_CONCURRENCY = YES;
				SWIFT_DEFAULT_ACTOR_ISOLATION = MainActor;
				SWIFT_EMIT_LOC_STRINGS = YES;
				SWIFT_UPCOMING_FEATURE_MEMBER_IMPORT_VISIBILITY = YES;
				SWIFT_VERSION = 5.0;
				TARGETED_DEVICE_FAMILY = 1;
			};
			name = Release;
		};
/* End XCBuildConfiguration section */

/* Begin XCConfigurationList section */
		1A62FE522FBB1AC0002D01F7 /* Build configuration list for PBXProject "Icarus II Project" */ = {
			isa = XCConfigurationList;
			buildConfigurations = (
				1A62FE602FBB1AC0002D01F7 /* Debug */,
				1A62FE612FBB1AC0002D01F7 /* Release */,
			);
			defaultConfigurationIsVisible = 0;
			defaultConfigurationName = Release;
		};
		1A62FE622FBB1AC0002D01F7 /* Build configuration list for PBXNativeTarget "Icarus II Project" */ = {
			isa = XCConfigurationList;
			buildConfigurations = (
				1A62FE632FBB1AC0002D01F7 /* Debug */,
				1A62FE642FBB1AC0002D01F7 /* Release */,
			);
			defaultConfigurationIsVisible = 0;
			defaultConfigurationName = Release;
		};
/* End XCConfigurationList section */

/* Begin XCRemoteSwiftPackageReference section */
		A1D5898C2FC81BE800649DE9 /* XCRemoteSwiftPackageReference "firebase-ios-sdk" */ = {
			isa = XCRemoteSwiftPackageReference;
			repositoryURL = "https://github.com/firebase/firebase-ios-sdk";
			requirement = {
				kind = upToNextMajorVersion;
				minimumVersion = 12.14.0;
			};
		};
/* End XCRemoteSwiftPackageReference section */

/* Begin XCSwiftPackageProductDependency section */
		A1D5898D2FC81BE800649DE9 /* FirebaseAuth */ = {
			isa = XCSwiftPackageProductDependency;
			package = A1D5898C2FC81BE800649DE9 /* XCRemoteSwiftPackageReference "firebase-ios-sdk" */;
			productName = FirebaseAuth;
		};
		A1D5898F2FC81BE800649DE9 /* FirebaseCore */ = {
			isa = XCSwiftPackageProductDependency;
			package = A1D5898C2FC81BE800649DE9 /* XCRemoteSwiftPackageReference "firebase-ios-sdk" */;
			productName = FirebaseCore;
		};
		A1D589912FC81BE800649DE9 /* FirebaseFirestore */ = {
			isa = XCSwiftPackageProductDependency;
			package = A1D5898C2FC81BE800649DE9 /* XCRemoteSwiftPackageReference "firebase-ios-sdk" */;
			productName = FirebaseFirestore;
		};
/* End XCSwiftPackageProductDependency section */
	};
	rootObject = 1A62FE4F2FBB1AC0002D01F7 /* Project object */;
}
